{
  "pins" : [
    {
      "identity" : "foundationex",
      "kind" : "remoteSourceControl",
      "location" : "https://github.com/Zean-Technology-Co-Ltd/FoundationEx.git",
      "state" : {
        "revision" : "5f10181a0732dbd74ce033357102f9fc547cdb8b",
        "version" : "1.0.5"
      }
    },
    {
      "identity" : "sdwebimage",
      "kind" : "remoteSourceControl",
      "location" : "https://github.com/SDWebImage/SDWebImage.git",
      "state" : {
        "revision" : "1f06ef5007b6a580b3873ed2adee19e05d3b215a",
        "version" : "5.18.3"
      }
    }
  ],
  "version" : 2
}
